
Microsoft Visual Studio Solution File, Format Version 12.00
# Visual Studio 15
VisualStudioVersion = 15.0.28307.572
MinimumVisualStudioVersion = 10.0.40219.1
Project("{FAE04EC0-301F-11D3-BF4B-00C04F79EFBC}") = "FlappyBirdGame", "FlappyBirdGame\FlappyBirdGame.csproj", "{C267901F-C91C-4ADD-AFE3-35F340CBCA51}"
EndProject
Project("{FAE04EC0-301F-11D3-BF4B-00C04F79EFBC}") = "FlappyBirdGameTests", "FlappyBirdGameTests\FlappyBirdGameTests.csproj", "{18A04761-A425-474B-85AE-5C63C59F435E}"
EndProject
Global
	GlobalSection(SolutionConfigurationPlatforms) = preSolution
		Debug|Any CPU = Debug|Any CPU
		Release|Any CPU = Release|Any CPU
	EndGlobalSection
	GlobalSection(ProjectConfigurationPlatforms) = postSolution
		{C267901F-C91C-4ADD-AFE3-35F340CBCA51}.Debug|Any CPU.ActiveCfg = Debug|Any CPU
		{C267901F-C91C-4ADD-AFE3-35F340CBCA51}.Debug|Any CPU.Build.0 = Debug|Any CPU
		{C267901F-C91C-4ADD-AFE3-35F340CBCA51}.Release|Any CPU.ActiveCfg = Release|Any CPU
		{C267901F-C91C-4ADD-AFE3-35F340CBCA51}.Release|Any CPU.Build.0 = Release|Any CPU
		{18A04761-A425-474B-85AE-5C63C59F435E}.Debug|Any CPU.ActiveCfg = Debug|Any CPU
		{18A04761-A425-474B-85AE-5C63C59F435E}.Debug|Any CPU.Build.0 = Debug|Any CPU
		{18A04761-A425-474B-85AE-5C63C59F435E}.Release|Any CPU.ActiveCfg = Release|Any CPU
		{18A04761-A425-474B-85AE-5C63C59F435E}.Release|Any CPU.Build.0 = Release|Any CPU
	EndGlobalSection
	GlobalSection(SolutionProperties) = preSolution
		HideSolutionNode = FALSE
	EndGlobalSection
	GlobalSection(ExtensibilityGlobals) = postSolution
		SolutionGuid = {7AB9876B-B0D4-4B74-AB8F-FCE8054053CC}
	EndGlobalSection
EndGlobal
